
Microsoft Visual Studio Solution File, Format Version 11.00
# Visual Studio 2010
Project("{8BC9CEB8-8B4A-11D0-8D11-00A0C91BC942}") = "ObserverPattern", "ObserverPattern\ObserverPattern.vcxproj", "{BA6DFA93-9D9D-4864-A18E-869A18A47AFD}"
EndProject
Global
	GlobalSection(SolutionConfigurationPlatforms) = preSolution
		Debug|Win32 = Debug|Win32
		Release|Win32 = Release|Win32
	EndGlobalSection
	GlobalSection(ProjectConfigurationPlatforms) = postSolution
		{BA6DFA93-9D9D-4864-A18E-869A18A47AFD}.Debug|Win32.ActiveCfg = Debug|Win32
		{BA6DFA93-9D9D-4864-A18E-869A18A47AFD}.Debug|Win32.Build.0 = Debug|Win32
		{BA6DFA93-9D9D-4864-A18E-869A18A47AFD}.Release|Win32.ActiveCfg = Release|Win32
		{BA6DFA93-9D9D-4864-A18E-869A18A47AFD}.Release|Win32.Build.0 = Release|Win32
	EndGlobalSection
	GlobalSection(SolutionProperties) = preSolution
		HideSolutionNode = FALSE
	EndGlobalSection
EndGlobal
